PODS:
  - Flutter (1.0.0)
  - flutter_document_picker (0.0.1):
    - Flutter

DEPENDENCIES:
  - Flutter (from `Flutter`)
  - flutter_document_picker (from `.symlinks/plugins/flutter_document_picker/ios`)

EXTERNAL SOURCES:
  Flutter:
    :path: Flutter
  flutter_document_picker:
    :path: ".symlinks/plugins/flutter_document_picker/ios"

SPEC CHECKSUMS:
  Flutter: 0e3d915762c693b495b44d77113d4970485de6ec
  flutter_document_picker: 109ba1c4622e6e62bfced17c22ff544a9a3541f4

PODFILE CHECKSUM: c34e2287a9ccaa606aeceab922830efb9a6ff69a

COCOAPODS: 1.9.2
